
Microsoft Visual Studio Solution File, Format Version 12.00
# Visual Studio Version 16
VisualStudioVersion = 16.0.29318.209
MinimumVisualStudioVersion = 10.0.40219.1
Project("{FAE04EC0-301F-11D3-BF4B-00C04F79EFBC}") = "QUANLYBANQUANAO", "QUANLYBANQUANAO\QUANLYBANQUANAO.csproj", "{51BF14D7-D168-45A8-8038-715E961D3A52}"
EndProject
Project("{54435603-DBB4-11D2-8724-00A0C9A8B90C}") = "Setup1", "caidat\Setup1\Setup1.vdproj", "{C0D894DF-CA71-4E66-97B4-0558550EDDC0}"
EndProject
Global
	GlobalSection(SolutionConfigurationPlatforms) = preSolution
		Debug|Any CPU = Debug|Any CPU
		Debug|x86 = Debug|x86
		Release|Any CPU = Release|Any CPU
		Release|x86 = Release|x86
	EndGlobalSection
	GlobalSection(ProjectConfigurationPlatforms) = postSolution
		{51BF14D7-D168-45A8-8038-715E961D3A52}.Debug|Any CPU.ActiveCfg = Debug|Any CPU
		{51BF14D7-D168-45A8-8038-715E961D3A52}.Debug|Any CPU.Build.0 = Debug|Any CPU
		{51BF14D7-D168-45A8-8038-715E961D3A52}.Debug|x86.ActiveCfg = Debug|x86
		{51BF14D7-D168-45A8-8038-715E961D3A52}.Debug|x86.Build.0 = Debug|x86
		{51BF14D7-D168-45A8-8038-715E961D3A52}.Release|Any CPU.ActiveCfg = Release|Any CPU
		{51BF14D7-D168-45A8-8038-715E961D3A52}.Release|Any CPU.Build.0 = Release|Any CPU
		{51BF14D7-D168-45A8-8038-715E961D3A52}.Release|x86.ActiveCfg = Release|x86
		{51BF14D7-D168-45A8-8038-715E961D3A52}.Release|x86.Build.0 = Release|x86
		{C0D894DF-CA71-4E66-97B4-0558550EDDC0}.Debug|Any CPU.ActiveCfg = Debug
		{C0D894DF-CA71-4E66-97B4-0558550EDDC0}.Debug|x86.ActiveCfg = Debug
		{C0D894DF-CA71-4E66-97B4-0558550EDDC0}.Release|Any CPU.ActiveCfg = Release
		{C0D894DF-CA71-4E66-97B4-0558550EDDC0}.Release|x86.ActiveCfg = Release
	EndGlobalSection
	GlobalSection(SolutionProperties) = preSolution
		HideSolutionNode = FALSE
	EndGlobalSection
	GlobalSection(ExtensibilityGlobals) = postSolution
		SolutionGuid = {B7A15D51-C5A9-46D8-B00D-D97DA894CAB0}
	EndGlobalSection
EndGlobal
